{
  "name": "step08",
  "version": "1.0.0",
  "lockfileVersion": 1,
  "requires": true,
  "dependencies": {
    "bootstrap": {
      "version": "3.3.7",
      "resolved": "https://registry.npmjs.org/bootstrap/-/bootstrap-3.3.7.tgz",
      "integrity": "sha1-WjiTlFSfIzMIdaOxUGVldPip63E="
    },
    "jquery": {
      "version": "1.12.4",
      "resolved": "https://registry.npmjs.org/jquery/-/jquery-1.12.4.tgz",
      "integrity": "sha1-AeHfuikP5z3rp3zurLD5ui/sngw="
    },
    "jquery-mobile": {
      "version": "1.5.0-alpha.1",
      "resolved": "https://registry.npmjs.org/jquery-mobile/-/jquery-mobile-1.5.0-alpha.1.tgz",
      "integrity": "sha1-KoQQ1X873re5ad4vTancOQb5kZ4=",
      "requires": {
        "jquery": "1.12.4"
      }
    }
  }
}
