{
  "name": "step08",
  "version": "1.0.0",
  "lockfileVersion": 1,
  "requires": true,
  "dependencies": {
    "bootstrap": {
      "version": "3.3.7",
      "resolved": "https://registry.npmjs.org/bootstrap/-/bootstrap-3.3.7.tgz",
      "integrity": "sha1-WjiTlFSfIzMIdaOxUGVldPip63E="
    },
    "jquery": {
      "version": "1.12.4",
      "resolved": "https://registry.npmjs.org/jquery/-/jquery-1.12.4.tgz",
      "integrity": "sha1-AeHfuikP5z3rp3zurLD5ui/sngw="
    },
    "jquery-mobile-dist": {
      "version": "1.4.3",
      "resolved": "https://registry.npmjs.org/jquery-mobile-dist/-/jquery-mobile-dist-1.4.3.tgz",
      "integrity": "sha1-j//KKQa6RfTSa8ICmCpXbqdgxxY="
    },
    "jquery-ui-dist": {
      "version": "1.12.1",
      "resolved": "https://registry.npmjs.org/jquery-ui-dist/-/jquery-ui-dist-1.12.1.tgz",
      "integrity": "sha1-XAgV08xvkP9fqvWyaKbiO0ypBPo="
    }
  }
}
